
Microsoft Visual Studio Solution File, Format Version 12.00
# Visual Studio Version 17
VisualStudioVersion = 17.8.34330.188
MinimumVisualStudioVersion = 10.0.40219.1
Project("{FAE04EC0-301F-11D3-BF4B-00C04F79EFBC}") = "RestfullService", "RestfullService\RestfullService.csproj", "{0B29C847-62EB-4080-A643-3998364A4685}"
EndProject
Project("{FAE04EC0-301F-11D3-BF4B-00C04F79EFBC}") = "Core", "Core\Core.csproj", "{A04F690A-F4AA-4037-9A70-115CBCC0F6B7}"
EndProject
Global
	GlobalSection(SolutionConfigurationPlatforms) = preSolution
		Debug|Any CPU = Debug|Any CPU
		Release|Any CPU = Release|Any CPU
	EndGlobalSection
	GlobalSection(ProjectConfigurationPlatforms) = postSolution
		{0B29C847-62EB-4080-A643-3998364A4685}.Debug|Any CPU.ActiveCfg = Debug|Any CPU
		{0B29C847-62EB-4080-A643-3998364A4685}.Debug|Any CPU.Build.0 = Debug|Any CPU
		{0B29C847-62EB-4080-A643-3998364A4685}.Release|Any CPU.ActiveCfg = Release|Any CPU
		{0B29C847-62EB-4080-A643-3998364A4685}.Release|Any CPU.Build.0 = Release|Any CPU
		{A04F690A-F4AA-4037-9A70-115CBCC0F6B7}.Debug|Any CPU.ActiveCfg = Debug|Any CPU
		{A04F690A-F4AA-4037-9A70-115CBCC0F6B7}.Debug|Any CPU.Build.0 = Debug|Any CPU
		{A04F690A-F4AA-4037-9A70-115CBCC0F6B7}.Release|Any CPU.ActiveCfg = Release|Any CPU
		{A04F690A-F4AA-4037-9A70-115CBCC0F6B7}.Release|Any CPU.Build.0 = Release|Any CPU
	EndGlobalSection
	GlobalSection(SolutionProperties) = preSolution
		HideSolutionNode = FALSE
	EndGlobalSection
	GlobalSection(ExtensibilityGlobals) = postSolution
		SolutionGuid = {36A9CD64-3E01-4298-A53A-6705BFFFE63C}
	EndGlobalSection
EndGlobal
